// !$*UTF8*$!
{
	archiveVersion = 1;
	classes = {
	};
	objectVersion = 77;
	objects = {

/* Begin PBXContainerItemProxy section */
		FEB43AFA2CAB774C00370C21 /* PBXContainerItemProxy */ = {
			isa = PBXContainerItemProxy;
			containerPortal = FEB43AE02CAB774800370C21 /* Project object */;
			proxyType = 1;
			remoteGlobalIDString = FEB43AE72CAB774800370C21;
			remoteInfo = MazeGenerator;
		};
		FEB43B042CAB774C00370C21 /* PBXContainerItemProxy */ = {
			isa = PBXContainerItemProxy;
			containerPortal = FEB43AE02CAB774800370C21 /* Project object */;
			proxyType = 1;
			remoteGlobalIDString = FEB43AE72CAB774800370C21;
			remoteInfo = MazeGenerator;
		};
/* End PBXContainerItemProxy section */

/* Begin PBXFileReference section */
		FEB43AE82CAB774800370C21 /* MazeGenerator.app */ = {isa = PBXFileReference; explicitFileType = wrapper.application; includeInIndex = 0; path = MazeGenerator.app; sourceTree = BUILT_PRODUCTS_DIR; };
		FEB43AF92CAB774C00370C21 /* MazeGeneratorTests.xctest */ = {isa = PBXFileReference; explicitFileType = wrapper.cfbundle; includeInIndex = 0; path = MazeGeneratorTests.xctest; sourceTree = BUILT_PRODUCTS_DIR; };
		FEB43B032CAB774C00370C21 /* MazeGeneratorUITests.xctest */ = {isa = PBXFileReference; explicitFileType = wrapper.cfbundle; includeInIndex = 0; path = MazeGeneratorUITests.xctest; sourceTree = BUILT_PRODUCTS_DIR; };
/* End PBXFileReference section */

/* Begin PBXFileSystemSynchronizedRootGroup section */
		FEB43AEA2CAB774800370C21 /* MazeGenerator */ = {
			isa = PBXFileSystemSynchronizedRootGroup;
			path = MazeGenerator;
			sourceTree = "<group>";
		};
		FEB43AFC2CAB774C00370C21 /* MazeGeneratorTests */ = {
			isa = PBXFileSystemSynchronizedRootGroup;
			path = MazeGeneratorTests;
			sourceTree = "<group>";
		};
		FEB43B062CAB774C00370C21 /* MazeGeneratorUITests */ = {
			isa = PBXFileSystemSynchronizedRootGroup;
			path = MazeGeneratorUITests;
			sourceTree = "<group>";
		};
/* End PBXFileSystemSynchronizedRootGroup section */

/* Begin PBXFrameworksBuildPhase section */
		FEB43AE52CAB774800370C21 /* Frameworks */ = {
			isa = PBXFrameworksBuildPhase;
			buildActionMask = 2147483647;
			files = (
			);
			runOnlyForDeploymentPostprocessing = 0;
		};
		FEB43AF62CAB774C00370C21 /* Frameworks */ = {
			isa = PBXFrameworksBuildPhase;
			buildActionMask = 2147483647;
			files = (
			);
			runOnlyForDeploymentPostprocessing = 0;
		};
		FEB43B002CAB774C00370C21 /* Frameworks */ = {
			isa = PBXFrameworksBuildPhase;
			buildActionMask = 2147483647;
			files = (
			);
			runOnlyForDeploymentPostprocessing = 0;
		};
/* End PBXFrameworksBuildPhase section */

/* Begin PBXGroup section */
		FEB43ADF2CAB774800370C21 = {
			isa = PBXGroup;
			children = (
				FEB43AEA2CAB774800370C21 /* MazeGenerator */,
				FEB43AFC2CAB774C00370C21 /* MazeGeneratorTests */,
				FEB43B062CAB774C00370C21 /* MazeGeneratorUITests */,
				FEB43AE92CAB774800370C21 /* Products */,
			);
			sourceTree = "<group>";
		};
		FEB43AE92CAB774800370C21 /* Products */ = {
			isa = PBXGroup;
			children = (
				FEB43AE82CAB774800370C21 /* MazeGenerator.app */,
				FEB43AF92CAB774C00370C21 /* MazeGeneratorTests.xctest */,
				FEB43B032CAB774C00370C21 /* MazeGeneratorUITests.xctest */,
			);
			name = Products;
			sourceTree = "<group>";
		};
/* End PBXGroup section */

/* Begin PBXNativeTarget section */
		FEB43AE72CAB774800370C21 /* MazeGenerator */ = {
			isa = PBXNativeTarget;
			buildConfigurationList = FEB43B0D2CAB774C00370C21 /* Build configuration list for PBXNativeTarget "MazeGenerator" */;
			buildPhases = (
				FEB43AE42CAB774800370C21 /* Sources */,
				FEB43AE52CAB774800370C21 /* Frameworks */,
				FEB43AE62CAB774800370C21 /* Resources */,
			);
			buildRules = (
			);
			dependencies = (
			);
			fileSystemSynchronizedGroups = (
				FEB43AEA2CAB774800370C21 /* MazeGenerator */,
			);
			name = MazeGenerator;
			packageProductDependencies = (
			);
			productName = MazeGenerator;
			productReference = FEB43AE82CAB774800370C21 /* MazeGenerator.app */;
			productType = "com.apple.product-type.application";
		};
		FEB43AF82CAB774C00370C21 /* MazeGeneratorTests */ = {
			isa = PBXNativeTarget;
			buildConfigurationList = FEB43B102CAB774C00370C21 /* Build configuration list for PBXNativeTarget "MazeGeneratorTests" */;
			buildPhases = (
				FEB43AF52CAB774C00370C21 /* Sources */,
				FEB43AF62CAB774C00370C21 /* Frameworks */,
				FEB43AF72CAB774C00370C21 /* Resources */,
			);
			buildRules = (
			);
			dependencies = (
				FEB43AFB2CAB774C00370C21 /* PBXTargetDependency */,
			);
			fileSystemSynchronizedGroups = (
				FEB43AFC2CAB774C00370C21 /* MazeGeneratorTests */,
			);
			name = MazeGeneratorTests;
			packageProductDependencies = (
			);
			productName = MazeGeneratorTests;
			productReference = FEB43AF92CAB774C00370C21 /* MazeGeneratorTests.xctest */;
			productType = "com.apple.product-type.bundle.unit-test";
		};
		FEB43B022CAB774C00370C21 /* MazeGeneratorUITests */ = {
			isa = PBXNativeTarget;
			buildConfigurationList = FEB43B132CAB774C00370C21 /* Build configuration list for PBXNativeTarget "MazeGeneratorUITests" */;
			buildPhases = (
				FEB43AFF2CAB774C00370C21 /* Sources */,
				FEB43B002CAB774C00370C21 /* Frameworks */,
				FEB43B012CAB774C00370C21 /* Resources */,
			);
			buildRules = (
			);
			dependencies = (
				FEB43B052CAB774C00370C21 /* PBXTargetDependency */,
			);
			fileSystemSynchronizedGroups = (
				FEB43B062CAB774C00370C21 /* MazeGeneratorUITests */,
			);
			name = MazeGeneratorUITests;
			packageProductDependencies = (
			);
			productName = MazeGeneratorUITests;
			productReference = FEB43B032CAB774C00370C21 /* MazeGeneratorUITests.xctest */;
			productType = "com.apple.product-type.bundle.ui-testing";
		};
/* End PBXNativeTarget section */

/* Begin PBXProject section */
		FEB43AE02CAB774800370C21 /* Project object */ = {
			isa = PBXProject;
			attributes = {
				BuildIndependentTargetsInParallel = 1;
				LastSwiftUpdateCheck = 1600;
				LastUpgradeCheck = 1600;
				TargetAttributes = {
					FEB43AE72CAB774800370C21 = {
						CreatedOnToolsVersion = 16.0;
					};
					FEB43AF82CAB774C00370C21 = {
						CreatedOnToolsVersion = 16.0;
						TestTargetID = FEB43AE72CAB774800370C21;
					};
					FEB43B022CAB774C00370C21 = {
						CreatedOnToolsVersion = 16.0;
						TestTargetID = FEB43AE72CAB774800370C21;
					};
				};
			};
			buildConfigurationList = FEB43AE32CAB774800370C21 /* Build configuration list for PBXProject "MazeGenerator" */;
			developmentRegion = en;
			hasScannedForEncodings = 0;
			knownRegions = (
				en,
				Base,
			);
			mainGroup = FEB43ADF2CAB774800370C21;
			minimizedProjectReferenceProxies = 1;
			preferredProjectObjectVersion = 77;
			productRefGroup = FEB43AE92CAB774800370C21 /* Products */;
			projectDirPath = "";
			projectRoot = "";
			targets = (
				FEB43AE72CAB774800370C21 /* MazeGenerator */,
				FEB43AF82CAB774C00370C21 /* MazeGeneratorTests */,
				FEB43B022CAB774C00370C21 /* MazeGeneratorUITests */,
			);
		};
/* End PBXProject section */

/* Begin PBXResourcesBuildPhase section */
		FEB43AE62CAB774800370C21 /* Resources */ = {
			isa = PBXResourcesBuildPhase;
			buildActionMask = 2147483647;
			files = (
			);
			runOnlyForDeploymentPostprocessing = 0;
		};
		FEB43AF72CAB774C00370C21 /* Resources */ = {
			isa = PBXResourcesBuildPhase;
			buildActionMask = 2147483647;
			files = (
			);
			runOnlyForDeploymentPostprocessing = 0;
		};
		FEB43B012CAB774C00370C21 /* Resources */ = {
			isa = PBXResourcesBuildPhase;
			buildActionMask = 2147483647;
			files = (
			);
			runOnlyForDeploymentPostprocessing = 0;
		};
/* End PBXResourcesBuildPhase section */

/* Begin PBXSourcesBuildPhase section */
		FEB43AE42CAB774800370C21 /* Sources */ = {
			isa = PBXSourcesBuildPhase;
			buildActionMask = 2147483647;
			files = (
			);
			runOnlyForDeploymentPostprocessing = 0;
		};
		FEB43AF52CAB774C00370C21 /* Sources */ = {
			isa = PBXSourcesBuildPhase;
			buildActionMask = 2147483647;
			files = (
			);
			runOnlyForDeploymentPostprocessing = 0;
		};
		FEB43AFF2CAB774C00370C21 /* Sources */ = {
			isa = PBXSourcesBuildPhase;
			buildActionMask = 2147483647;
			files = (
			);
			runOnlyForDeploymentPostprocessing = 0;
		};
/* End PBXSourcesBuildPhase section */

/* Begin PBXTargetDependency section */
		FEB43AFB2CAB774C00370C21 /* PBXTargetDependency */ = {
			isa = PBXTargetDependency;
			target = FEB43AE72CAB774800370C21 /* MazeGenerator */;
			targetProxy = FEB43AFA2CAB774C00370C21 /* PBXContainerItemProxy */;
		};
		FEB43B052CAB774C00370C21 /* PBXTargetDependency */ = {
			isa = PBXTargetDependency;
			target = FEB43AE72CAB774800370C21 /* MazeGenerator */;
			targetProxy = FEB43B042CAB774C00370C21 /* PBXContainerItemProxy */;
		};
/* End PBXTargetDependency section */

/* Begin XCBuildConfiguration section */
		FEB43B0B2CAB774C00370C21 /* Debug */ = {
			isa = XCBuildConfiguration;
			buildSettings = {
				ALWAYS_SEARCH_USER_PATHS = NO;
				ASSETCATALOG_COMPILER_GENERATE_SWIFT_ASSET_SYMBOL_EXTENSIONS = YES;
				CLANG_ANALYZER_NONNULL = YES;
				CLANG_ANALYZER_NUMBER_OBJECT_CONVERSION = YES_AGGRESSIVE;
				CLANG_CXX_LANGUAGE_STANDARD = "gnu++20";
				CLANG_ENABLE_MODULES = YES;
				CLANG_ENABLE_OBJC_ARC = YES;
				CLANG_ENABLE_OBJC_WEAK = YES;
				CLANG_WARN_BLOCK_CAPTURE_AUTORELEASING = YES;
				CLANG_WARN_BOOL_CONVERSION = YES;
				CLANG_WARN_COMMA = YES;
				CLANG_WARN_CONSTANT_CONVERSION = YES;
				CLANG_WARN_DEPRECATED_OBJC_IMPLEMENTATIONS = YES;
				CLANG_WARN_DIRECT_OBJC_ISA_USAGE = YES_ERROR;
				CLANG_WARN_DOCUMENTATION_COMMENTS = YES;
				CLANG_WARN_EMPTY_BODY = YES;
				CLANG_WARN_ENUM_CONVERSION = YES;
				CLANG_WARN_INFINITE_RECURSION = YES;
				CLANG_WARN_INT_CONVERSION = YES;
				CLANG_WARN_NON_LITERAL_NULL_CONVERSION = YES;
				CLANG_WARN_OBJC_IMPLICIT_RETAIN_SELF = YES;
				CLANG_WARN_OBJC_LITERAL_CONVERSION = YES;
				CLANG_WARN_OBJC_ROOT_CLASS = YES_ERROR;
				CLANG_WARN_QUOTED_INCLUDE_IN_FRAMEWORK_HEADER = YES;
				CLANG_WARN_RANGE_LOOP_ANALYSIS = YES;
				CLANG_WARN_STRICT_PROTOTYPES = YES;
				CLANG_WARN_SUSPICIOUS_MOVE = YES;
				CLANG_WARN_UNGUARDED_AVAILABILITY = YES_AGGRESSIVE;
				CLANG_WARN_UNREACHABLE_CODE = YES;
				CLANG_WARN__DUPLICATE_METHOD_MATCH = YES;
				COPY_PHASE_STRIP = NO;
				DEBUG_INFORMATION_FORMAT = dwarf;
				ENABLE_STRICT_OBJC_MSGSEND = YES;
				ENABLE_TESTABILITY = YES;
				ENABLE_USER_SCRIPT_SANDBOXING = YES;
				GCC_C_LANGUAGE_STANDARD = gnu17;
				GCC_DYNAMIC_NO_PIC = NO;
				GCC_NO_COMMON_BLOCKS = YES;
				GCC_OPTIMIZATION_LEVEL = 0;
				GCC_PREPROCESSOR_DEFINITIONS = (
					"DEBUG=1",
					"$(inherited)",
				);
				GCC_WARN_64_TO_32_BIT_CONVERSION = YES;
				GCC_WARN_ABOUT_RETURN_TYPE = YES_ERROR;
				GCC_WARN_UNDECLARED_SELECTOR = YES;
				GCC_WARN_UNINITIALIZED_AUTOS = YES_AGGRESSIVE;
				GCC_WARN_UNUSED_FUNCTION = YES;
				GCC_WARN_UNUSED_VARIABLE = YES;
				LOCALIZATION_PREFERS_STRING_CATALOGS = YES;
				MACOSX_DEPLOYMENT_TARGET = 14.6;
				MTL_ENABLE_DEBUG_INFO = INCLUDE_SOURCE;
				MTL_FAST_MATH = YES;
				ONLY_ACTIVE_ARCH = YES;
				SDKROOT = macosx;
				SWIFT_ACTIVE_COMPILATION_CONDITIONS = "DEBUG $(inherited)";
				SWIFT_OPTIMIZATION_LEVEL = "-Onone";
			};
			name = Debug;
		};
		FEB43B0C2CAB774C00370C21 /* Release */ = {
			isa = XCBuildConfiguration;
			buildSettings = {
				ALWAYS_SEARCH_USER_PATHS = NO;
				ASSETCATALOG_COMPILER_GENERATE_SWIFT_ASSET_SYMBOL_EXTENSIONS = YES;
				CLANG_ANALYZER_NONNULL = YES;
				CLANG_ANALYZER_NUMBER_OBJECT_CONVERSION = YES_AGGRESSIVE;
				CLANG_CXX_LANGUAGE_STANDARD = "gnu++20";
				CLANG_ENABLE_MODULES = YES;
				CLANG_ENABLE_OBJC_ARC = YES;
				CLANG_ENABLE_OBJC_WEAK = YES;
				CLANG_WARN_BLOCK_CAPTURE_AUTORELEASING = YES;
				CLANG_WARN_BOOL_CONVERSION = YES;
				CLANG_WARN_COMMA = YES;
				CLANG_WARN_CONSTANT_CONVERSION = YES;
				CLANG_WARN_DEPRECATED_OBJC_IMPLEMENTATIONS = YES;
				CLANG_WARN_DIRECT_OBJC_ISA_USAGE = YES_ERROR;
				CLANG_WARN_DOCUMENTATION_COMMENTS = YES;
				CLANG_WARN_EMPTY_BODY = YES;
				CLANG_WARN_ENUM_CONVERSION = YES;
				CLANG_WARN_INFINITE_RECURSION = YES;
				CLANG_WARN_INT_CONVERSION = YES;
				CLANG_WARN_NON_LITERAL_NULL_CONVERSION = YES;
				CLANG_WARN_OBJC_IMPLICIT_RETAIN_SELF = YES;
				CLANG_WARN_OBJC_LITERAL_CONVERSION = YES;
				CLANG_WARN_OBJC_ROOT_CLASS = YES_ERROR;
				CLANG_WARN_QUOTED_INCLUDE_IN_FRAMEWORK_HEADER = YES;
				CLANG_WARN_RANGE_LOOP_ANALYSIS = YES;
				CLANG_WARN_STRICT_PROTOTYPES = YES;
				CLANG_WARN_SUSPICIOUS_MOVE = YES;
				CLANG_WARN_UNGUARDED_AVAILABILITY = YES_AGGRESSIVE;
				CLANG_WARN_UNREACHABLE_CODE = YES;
				CLANG_WARN__DUPLICATE_METHOD_MATCH = YES;
				COPY_PHASE_STRIP = NO;
				DEBUG_INFORMATION_FORMAT = "dwarf-with-dsym";
				ENABLE_NS_ASSERTIONS = NO;
				ENABLE_STRICT_OBJC_MSGSEND = YES;
				ENABLE_USER_SCRIPT_SANDBOXING = YES;
				GCC_C_LANGUAGE_STANDARD = gnu17;
				GCC_NO_COMMON_BLOCKS = YES;
				GCC_WARN_64_TO_32_BIT_CONVERSION = YES;
				GCC_WARN_ABOUT_RETURN_TYPE = YES_ERROR;
				GCC_WARN_UNDECLARED_SELECTOR = YES;
				GCC_WARN_UNINITIALIZED_AUTOS = YES_AGGRESSIVE;
				GCC_WARN_UNUSED_FUNCTION = YES;
				GCC_WARN_UNUSED_VARIABLE = YES;
				LOCALIZATION_PREFERS_STRING_CATALOGS = YES;
				MACOSX_DEPLOYMENT_TARGET = 14.6;
				MTL_ENABLE_DEBUG_INFO = NO;
				MTL_FAST_MATH = YES;
				SDKROOT = macosx;
				SWIFT_COMPILATION_MODE = wholemodule;
			};
			name = Release;
		};
		FEB43B0E2CAB774C00370C21 /* Debug */ = {
			isa = XCBuildConfiguration;
			buildSettings = {
				ASSETCATALOG_COMPILER_APPICON_NAME = AppIcon;
				ASSETCATALOG_COMPILER_GLOBAL_ACCENT_COLOR_NAME = AccentColor;
				CODE_SIGN_ENTITLEMENTS = MazeGenerator/MazeGenerator.entitlements;
				CODE_SIGN_STYLE = Automatic;
				COMBINE_HIDPI_IMAGES = YES;
				CURRENT_PROJECT_VERSION = 1;
				DEVELOPMENT_ASSET_PATHS = "\"MazeGenerator/Preview Content\"";
				DEVELOPMENT_TEAM = SP86DZAJ6F;
				ENABLE_HARDENED_RUNTIME = YES;
				ENABLE_PREVIEWS = YES;
				GENERATE_INFOPLIST_FILE = YES;
				INFOPLIST_KEY_NSHumanReadableCopyright = "";
				LD_RUNPATH_SEARCH_PATHS = (
					"$(inherited)",
					"@executable_path/../Frameworks",
				);
				MARKETING_VERSION = 1.0;
				PRODUCT_BUNDLE_IDENTIFIER = com.npc.MazeGenerator;
				PRODUCT_NAME = "$(TARGET_NAME)";
				SWIFT_EMIT_LOC_STRINGS = YES;
				SWIFT_VERSION = 5.0;
			};
			name = Debug;
		};
		FEB43B0F2CAB774C00370C21 /* Release */ = {
			isa = XCBuildConfiguration;
			buildSettings = {
				ASSETCATALOG_COMPILER_APPICON_NAME = AppIcon;
				ASSETCATALOG_COMPILER_GLOBAL_ACCENT_COLOR_NAME = AccentColor;
				CODE_SIGN_ENTITLEMENTS = MazeGenerator/MazeGenerator.entitlements;
				CODE_SIGN_STYLE = Automatic;
				COMBINE_HIDPI_IMAGES = YES;
				CURRENT_PROJECT_VERSION = 1;
				DEVELOPMENT_ASSET_PATHS = "\"MazeGenerator/Preview Content\"";
				DEVELOPMENT_TEAM = SP86DZAJ6F;
				ENABLE_HARDENED_RUNTIME = YES;
				ENABLE_PREVIEWS = YES;
				GENERATE_INFOPLIST_FILE = YES;
				INFOPLIST_KEY_NSHumanReadableCopyright = "";
				LD_RUNPATH_SEARCH_PATHS = (
					"$(inherited)",
					"@executable_path/../Frameworks",
				);
				MARKETING_VERSION = 1.0;
				PRODUCT_BUNDLE_IDENTIFIER = com.npc.MazeGenerator;
				PRODUCT_NAME = "$(TARGET_NAME)";
				SWIFT_EMIT_LOC_STRINGS = YES;
				SWIFT_VERSION = 5.0;
			};
			name = Release;
		};
		FEB43B112CAB774C00370C21 /* Debug */ = {
			isa = XCBuildConfiguration;
			buildSettings = {
				BUNDLE_LOADER = "$(TEST_HOST)";
				CODE_SIGN_STYLE = Automatic;
				CURRENT_PROJECT_VERSION = 1;
				DEVELOPMENT_TEAM = SP86DZAJ6F;
				GENERATE_INFOPLIST_FILE = YES;
				MACOSX_DEPLOYMENT_TARGET = 14.6;
				MARKETING_VERSION = 1.0;
				PRODUCT_BUNDLE_IDENTIFIER = com.npc.MazeGeneratorTests;
				PRODUCT_NAME = "$(TARGET_NAME)";
				SWIFT_EMIT_LOC_STRINGS = NO;
				SWIFT_VERSION = 5.0;
				TEST_HOST = "$(BUILT_PRODUCTS_DIR)/MazeGenerator.app/$(BUNDLE_EXECUTABLE_FOLDER_PATH)/MazeGenerator";
			};
			name = Debug;
		};
		FEB43B122CAB774C00370C21 /* Release */ = {
			isa = XCBuildConfiguration;
			buildSettings = {
				BUNDLE_LOADER = "$(TEST_HOST)";
				CODE_SIGN_STYLE = Automatic;
				CURRENT_PROJECT_VERSION = 1;
				DEVELOPMENT_TEAM = SP86DZAJ6F;
				GENERATE_INFOPLIST_FILE = YES;
				MACOSX_DEPLOYMENT_TARGET = 14.6;
				MARKETING_VERSION = 1.0;
				PRODUCT_BUNDLE_IDENTIFIER = com.npc.MazeGeneratorTests;
				PRODUCT_NAME = "$(TARGET_NAME)";
				SWIFT_EMIT_LOC_STRINGS = NO;
				SWIFT_VERSION = 5.0;
				TEST_HOST = "$(BUILT_PRODUCTS_DIR)/MazeGenerator.app/$(BUNDLE_EXECUTABLE_FOLDER_PATH)/MazeGenerator";
			};
			name = Release;
		};
		FEB43B142CAB774C00370C21 /* Debug */ = {
			isa = XCBuildConfiguration;
			buildSettings = {
				CODE_SIGN_STYLE = Automatic;
				CURRENT_PROJECT_VERSION = 1;
				DEVELOPMENT_TEAM = SP86DZAJ6F;
				GENERATE_INFOPLIST_FILE = YES;
				MARKETING_VERSION = 1.0;
				PRODUCT_BUNDLE_IDENTIFIER = com.npc.MazeGeneratorUITests;
				PRODUCT_NAME = "$(TARGET_NAME)";
				SWIFT_EMIT_LOC_STRINGS = NO;
				SWIFT_VERSION = 5.0;
				TEST_TARGET_NAME = MazeGenerator;
			};
			name = Debug;
		};
		FEB43B152CAB774C00370C21 /* Release */ = {
			isa = XCBuildConfiguration;
			buildSettings = {
				CODE_SIGN_STYLE = Automatic;
				CURRENT_PROJECT_VERSION = 1;
				DEVELOPMENT_TEAM = SP86DZAJ6F;
				GENERATE_INFOPLIST_FILE = YES;
				MARKETING_VERSION = 1.0;
				PRODUCT_BUNDLE_IDENTIFIER = com.npc.MazeGeneratorUITests;
				PRODUCT_NAME = "$(TARGET_NAME)";
				SWIFT_EMIT_LOC_STRINGS = NO;
				SWIFT_VERSION = 5.0;
				TEST_TARGET_NAME = MazeGenerator;
			};
			name = Release;
		};
/* End XCBuildConfiguration section */

/* Begin XCConfigurationList section */
		FEB43AE32CAB774800370C21 /* Build configuration list for PBXProject "MazeGenerator" */ = {
			isa = XCConfigurationList;
			buildConfigurations = (
				FEB43B0B2CAB774C00370C21 /* Debug */,
				FEB43B0C2CAB774C00370C21 /* Release */,
			);
			defaultConfigurationIsVisible = 0;
			defaultConfigurationName = Release;
		};
		FEB43B0D2CAB774C00370C21 /* Build configuration list for PBXNativeTarget "MazeGenerator" */ = {
			isa = XCConfigurationList;
			buildConfigurations = (
				FEB43B0E2CAB774C00370C21 /* Debug */,
				FEB43B0F2CAB774C00370C21 /* Release */,
			);
			defaultConfigurationIsVisible = 0;
			defaultConfigurationName = Release;
		};
		FEB43B102CAB774C00370C21 /* Build configuration list for PBXNativeTarget "MazeGeneratorTests" */ = {
			isa = XCConfigurationList;
			buildConfigurations = (
				FEB43B112CAB774C00370C21 /* Debug */,
				FEB43B122CAB774C00370C21 /* Release */,
			);
			defaultConfigurationIsVisible = 0;
			defaultConfigurationName = Release;
		};
		FEB43B132CAB774C00370C21 /* Build configuration list for PBXNativeTarget "MazeGeneratorUITests" */ = {
			isa = XCConfigurationList;
			buildConfigurations = (
				FEB43B142CAB774C00370C21 /* Debug */,
				FEB43B152CAB774C00370C21 /* Release */,
			);
			defaultConfigurationIsVisible = 0;
			defaultConfigurationName = Release;
		};
/* End XCConfigurationList section */
	};
	rootObject = FEB43AE02CAB774800370C21 /* Project object */;
}
